
Microsoft Visual Studio Solution File, Format Version 12.00
# Visual Studio Version 17
VisualStudioVersion = 17.4.33205.214
MinimumVisualStudioVersion = 10.0.40219.1
Project("{9A19103F-16F7-4668-BE54-9A1E7A4F7556}") = "Mathematik3DVektorenLib", "Mathematik3DVektorenLib\Mathematik3DVektorenLib.csproj", "{6CF67797-6487-4590-8D46-A65921052F2B}"
EndProject
Project("{9A19103F-16F7-4668-BE54-9A1E7A4F7556}") = "Mathematik3DVektorenApp", "Mathematik3DVektorenApp\Mathematik3DVektorenApp.csproj", "{BE5E825D-E01C-4BF0-9B7F-C389DE38E97C}"
EndProject
Project("{FAE04EC0-301F-11D3-BF4B-00C04F79EFBC}") = "TestProject1", "TestProject1\TestProject1.csproj", "{B66B686B-D781-4E11-91A7-EE4D643A977E}"
EndProject
Global
	GlobalSection(SolutionConfigurationPlatforms) = preSolution
		Debug|Any CPU = Debug|Any CPU
		Release|Any CPU = Release|Any CPU
	EndGlobalSection
	GlobalSection(ProjectConfigurationPlatforms) = postSolution
		{6CF67797-6487-4590-8D46-A65921052F2B}.Debug|Any CPU.ActiveCfg = Debug|Any CPU
		{6CF67797-6487-4590-8D46-A65921052F2B}.Debug|Any CPU.Build.0 = Debug|Any CPU
		{6CF67797-6487-4590-8D46-A65921052F2B}.Release|Any CPU.ActiveCfg = Release|Any CPU
		{6CF67797-6487-4590-8D46-A65921052F2B}.Release|Any CPU.Build.0 = Release|Any CPU
		{BE5E825D-E01C-4BF0-9B7F-C389DE38E97C}.Debug|Any CPU.ActiveCfg = Debug|Any CPU
		{BE5E825D-E01C-4BF0-9B7F-C389DE38E97C}.Debug|Any CPU.Build.0 = Debug|Any CPU
		{BE5E825D-E01C-4BF0-9B7F-C389DE38E97C}.Release|Any CPU.ActiveCfg = Release|Any CPU
		{BE5E825D-E01C-4BF0-9B7F-C389DE38E97C}.Release|Any CPU.Build.0 = Release|Any CPU
		{B66B686B-D781-4E11-91A7-EE4D643A977E}.Debug|Any CPU.ActiveCfg = Debug|Any CPU
		{B66B686B-D781-4E11-91A7-EE4D643A977E}.Debug|Any CPU.Build.0 = Debug|Any CPU
		{B66B686B-D781-4E11-91A7-EE4D643A977E}.Release|Any CPU.ActiveCfg = Release|Any CPU
		{B66B686B-D781-4E11-91A7-EE4D643A977E}.Release|Any CPU.Build.0 = Release|Any CPU
	EndGlobalSection
	GlobalSection(SolutionProperties) = preSolution
		HideSolutionNode = FALSE
	EndGlobalSection
	GlobalSection(ExtensibilityGlobals) = postSolution
		SolutionGuid = {8EE81749-9B29-4D7E-8946-14BF2578511D}
	EndGlobalSection
EndGlobal
